{
  "requires": true,
  "lockfileVersion": 1,
  "dependencies": {
    "vue-apexcharts": {
      "version": "1.3.5",
      "resolved": "https://registry.npmjs.org/vue-apexcharts/-/vue-apexcharts-1.3.5.tgz",
      "integrity": "sha512-9UeY9013+BQfQbx7JrBjLiQf3wNa041OrfnC3F1onmsIY1z842xGMiRD60PqBSvc3wHzxYtKzj8LngSuDYWaCA=="
    }
  }
}
